
Microsoft Visual Studio Solution File, Format Version 12.00
# Visual Studio Version 16
VisualStudioVersion = 16.0.30907.101
MinimumVisualStudioVersion = 10.0.40219.1
Project("{FAE04EC0-301F-11D3-BF4B-00C04F79EFBC}") = "DepsWebApp", "DepsWebApp\DepsWebApp.csproj", "{A09AF4FF-B375-433A-83B7-8DF225E3D9A3}"
EndProject
Project("{FAE04EC0-301F-11D3-BF4B-00C04F79EFBC}") = "DepsTestApp", "DepsTestApp\DepsTestApp.csproj", "{C9BA53F2-5D96-46A8-A5F0-C6ADB0D601C9}"
EndProject
Global
	GlobalSection(SolutionConfigurationPlatforms) = preSolution
		Debug|Any CPU = Debug|Any CPU
		Release|Any CPU = Release|Any CPU
	EndGlobalSection
	GlobalSection(ProjectConfigurationPlatforms) = postSolution
		{A09AF4FF-B375-433A-83B7-8DF225E3D9A3}.Debug|Any CPU.ActiveCfg = Debug|Any CPU
		{A09AF4FF-B375-433A-83B7-8DF225E3D9A3}.Debug|Any CPU.Build.0 = Debug|Any CPU
		{A09AF4FF-B375-433A-83B7-8DF225E3D9A3}.Release|Any CPU.ActiveCfg = Release|Any CPU
		{A09AF4FF-B375-433A-83B7-8DF225E3D9A3}.Release|Any CPU.Build.0 = Release|Any CPU
		{C9BA53F2-5D96-46A8-A5F0-C6ADB0D601C9}.Debug|Any CPU.ActiveCfg = Debug|Any CPU
		{C9BA53F2-5D96-46A8-A5F0-C6ADB0D601C9}.Debug|Any CPU.Build.0 = Debug|Any CPU
		{C9BA53F2-5D96-46A8-A5F0-C6ADB0D601C9}.Release|Any CPU.ActiveCfg = Release|Any CPU
		{C9BA53F2-5D96-46A8-A5F0-C6ADB0D601C9}.Release|Any CPU.Build.0 = Release|Any CPU
	EndGlobalSection
	GlobalSection(SolutionProperties) = preSolution
		HideSolutionNode = FALSE
	EndGlobalSection
	GlobalSection(ExtensibilityGlobals) = postSolution
		SolutionGuid = {2425AB63-E57D-4F62-95A5-C098991766B1}
	EndGlobalSection
EndGlobal
